{
  "name": "harp-maker",
  "version": "1.0.0",
  "lockfileVersion": 3,
  "requires": true,
  "packages": {
    "": {
      "name": "harp-maker",
      "version": "1.0.0",
      "license": "ISC",
      "dependencies": {
        "makerjs": "^0.19.2"
      }
    },
    "node_modules/@danmarshall/jscad-typings": {
      "version": "1.0.0",
      "resolved": "https://registry.npmjs.org/@danmarshall/jscad-typings/-/jscad-typings-1.0.0.tgz",
      "integrity": "sha512-MGGIGDItK2UQSsz7yTrXErQXDAFXR3UPxyQ7WZ5RHOwnv60CBXjmkJlXYMYPkSvo+7fUuQL2/ODcvECtc/fi9g=="
    },
    "node_modules/@types/bezier-js": {
      "version": "0.0.6",
      "resolved": "https://registry.npmjs.org/@types/bezier-js/-/bezier-js-0.0.6.tgz",
      "integrity": "sha512-kXsAlt8e8N6zt9R6LcMYWB1HkBw3q2g+M9BdI/UE+s4agIONuIscQaRCoInH22+Jas3rw8yLUehL2InaZjyNSA=="
    },
    "node_modules/@types/fontkit": {
      "version": "2.0.9",
      "resolved": "https://registry.npmjs.org/@types/fontkit/-/fontkit-2.0.9.tgz",
      "integrity": "sha512-qNYerFky3muCmZPq+R+B3cUDRA5OONw/oh6aGGFxx2LOBz6yu8eamKusrhkHnC6rc2fm76+G9z9QoWSB2SaQaw==",
      "dependencies": {
        "@types/node": "*"
      }
    },
    "node_modules/@types/node": {
      "version": "7.10.14",
      "resolved": "https://registry.npmjs.org/@types/node/-/node-7.10.14.tgz",
      "integrity": "sha512-29GS75BE8asnTno3yB6ubOJOO0FboExEqNJy4bpz0GSmW/8wPTNL4h9h63c6s1uTrOopCmJYe/4yJLh5r92ZUA=="
    },
    "node_modules/@types/opentype.js": {
      "version": "0.7.2",
      "resolved": "https://registry.npmjs.org/@types/opentype.js/-/opentype.js-0.7.2.tgz",
      "integrity": "sha512-Riz6WyBUBEFs7YqSsJya3SbDHJZ6BmMkY7bzNoue6rtwj+RNilLc+mgOX/eJ0Y0asq16FSU6DatBeOg8ZMy2UQ=="
    },
    "node_modules/@types/pdfkit": {
      "version": "0.7.36",
      "resolved": "https://registry.npmjs.org/@types/pdfkit/-/pdfkit-0.7.36.tgz",
      "integrity": "sha512-9eRA6MuW+n78yU3HhoIrDxjyAX2++B5MpLDYqHOnaRTquCw+5sYXT+QN8E1eSaxvNUwlRfU3tOm4UzTeGWmBqg==",
      "dependencies": {
        "@types/node": "*"
      }
    },
    "node_modules/bezier-js": {
      "version": "2.6.1",
      "resolved": "https://registry.npmjs.org/bezier-js/-/bezier-js-2.6.1.tgz",
      "integrity": "sha512-jelZM33eNzcZ9snJ/5HqJLw3IzXvA8RFcBjkdOB8SDYyOvW8Y2tTosojAiBTnD1MhbHoWUYNbxUXxBl61TxbRg=="
    },
    "node_modules/clone": {
      "version": "1.0.4",
      "resolved": "https://registry.npmjs.org/clone/-/clone-1.0.4.tgz",
      "integrity": "sha512-JQHZ2QMW6l3aH/j6xCqQThY/9OH4D/9ls34cgkUBiEeocRTU04tHfKPBsUK1PqZCUQM7GiA0IIXJSuXHI64Kbg==",
      "engines": {
        "node": ">=0.8"
      }
    },
    "node_modules/graham_scan": {
      "version": "1.0.5",
      "resolved": "https://registry.npmjs.org/graham_scan/-/graham_scan-1.0.5.tgz",
      "integrity": "sha512-471KIBS1jOrAHpEStAbOjYI5U7MGBSyqy+wIEnvRYaFDNmpUUhbDZWLRsCSh/OnlY0dCg0NaDyN/2XLoypgIfA=="
    },
    "node_modules/kdbush": {
      "version": "2.0.1",
      "resolved": "https://registry.npmjs.org/kdbush/-/kdbush-2.0.1.tgz",
      "integrity": "sha512-9KqSdmWCkBIisFIGclT0FRagKhI7IVbMyUjsxCFG0Ly1Dg6whlxJ7b9lrq8ifk3X/fGeJzok1R75LQfZTfA5zQ=="
    },
    "node_modules/makerjs": {
      "version": "0.19.2",
      "resolved": "https://registry.npmjs.org/makerjs/-/makerjs-0.19.2.tgz",
      "integrity": "sha512-+W30jtxgM5ht8jWyxOpoLpz/6u9DEDjW9XXbvkyAba9xIDXnUB4vaB+JajMm7i6QbD7E41rxSl6VFkOcNMwFBA==",
      "dependencies": {
        "@danmarshall/jscad-typings": "^1.0.0",
        "@types/bezier-js": "^0.0.6",
        "@types/fontkit": "^2.0.8",
        "@types/node": "^7.0.5",
        "@types/opentype.js": "^0.7.0",
        "@types/pdfkit": "^0.7.34",
        "bezier-js": "^2.1.0",
        "clone": "^1.0.2",
        "graham_scan": "^1.0.4",
        "kdbush": "^2.0.1"
      }
    }
  }
}
